// !$*UTF8*$!
{
	archiveVersion = 1;
	classes = {
	};
	objectVersion = 56;
	objects = {

/* Begin PBXBuildFile section */
		524901132B45A52600612A16 /* AppDelegate.swift in Sources */ = {isa = PBXBuildFile; fileRef = 524901122B45A52600612A16 /* AppDelegate.swift */; };
		524901152B45A52600612A16 /* SceneDelegate.swift in Sources */ = {isa = PBXBuildFile; fileRef = 524901142B45A52600612A16 /* SceneDelegate.swift */; };
		5249011A2B45A52600612A16 /* Main.storyboard in Resources */ = {isa = PBXBuildFile; fileRef = 524901182B45A52600612A16 /* Main.storyboard */; };
		5249011C2B45A52700612A16 /* Assets.xcassets in Resources */ = {isa = PBXBuildFile; fileRef = 5249011B2B45A52700612A16 /* Assets.xcassets */; };
		5249011F2B45A52700612A16 /* LaunchScreen.storyboard in Resources */ = {isa = PBXBuildFile; fileRef = 5249011D2B45A52700612A16 /* LaunchScreen.storyboard */; };
		524901272B45A66F00612A16 /* FruitsAndBerriesRouter.swift in Sources */ = {isa = PBXBuildFile; fileRef = 524901262B45A66F00612A16 /* FruitsAndBerriesRouter.swift */; };
		524901292B45A6AE00612A16 /* FruitsAndBerriesModels.swift in Sources */ = {isa = PBXBuildFile; fileRef = 524901282B45A6AE00612A16 /* FruitsAndBerriesModels.swift */; };
		5249012B2B45A75D00612A16 /* FruitsAndBerriesViewController.swift in Sources */ = {isa = PBXBuildFile; fileRef = 5249012A2B45A75D00612A16 /* FruitsAndBerriesViewController.swift */; };
		5249012D2B45A79000612A16 /* FruitsAndBerriesDetailsViewController.swift in Sources */ = {isa = PBXBuildFile; fileRef = 5249012C2B45A79000612A16 /* FruitsAndBerriesDetailsViewController.swift */; };
		5249012F2B45A7B100612A16 /* FruitsAndBerriesPresenter.swift in Sources */ = {isa = PBXBuildFile; fileRef = 5249012E2B45A7B100612A16 /* FruitsAndBerriesPresenter.swift */; };
		524901312B45A7DE00612A16 /* FruitsAndBerriesInteractor.swift in Sources */ = {isa = PBXBuildFile; fileRef = 524901302B45A7DE00612A16 /* FruitsAndBerriesInteractor.swift */; };
		526DEA312B4B660900763DDE /* FruitsAndBerriesDetailsPresenter.swift in Sources */ = {isa = PBXBuildFile; fileRef = 526DEA302B4B660900763DDE /* FruitsAndBerriesDetailsPresenter.swift */; };
		526DEA332B4BE9E300763DDE /* AlertUtils.swift in Sources */ = {isa = PBXBuildFile; fileRef = 526DEA322B4BE9E300763DDE /* AlertUtils.swift */; };
		526DEA382B4C80C400763DDE /* SDWebImage in Frameworks */ = {isa = PBXBuildFile; productRef = 526DEA372B4C80C400763DDE /* SDWebImage */; };
		526DEA3A2B4C80C400763DDE /* SDWebImageMapKit in Frameworks */ = {isa = PBXBuildFile; productRef = 526DEA392B4C80C400763DDE /* SDWebImageMapKit */; };
		527F55E52B45DE8300E445A9 /* FruitsAndBerriesItemCell.swift in Sources */ = {isa = PBXBuildFile; fileRef = 527F55E42B45DE8300E445A9 /* FruitsAndBerriesItemCell.swift */; };
		527F55E72B45F1AE00E445A9 /* ColorExtension.swift in Sources */ = {isa = PBXBuildFile; fileRef = 527F55E62B45F1AE00E445A9 /* ColorExtension.swift */; };
		527F55ED2B46D6D100E445A9 /* LoaderUtils.swift in Sources */ = {isa = PBXBuildFile; fileRef = 527F55EC2B46D6D100E445A9 /* LoaderUtils.swift */; };
		527F55F12B4726BB00E445A9 /* Endpoints.swift in Sources */ = {isa = PBXBuildFile; fileRef = 527F55F02B4726BB00E445A9 /* Endpoints.swift */; };
		527F55F32B47304000E445A9 /* HTTPClient.swift in Sources */ = {isa = PBXBuildFile; fileRef = 527F55F22B47304000E445A9 /* HTTPClient.swift */; };
		527F55F52B4730A000E445A9 /* HTTP+URLSession.swift in Sources */ = {isa = PBXBuildFile; fileRef = 527F55F42B4730A000E445A9 /* HTTP+URLSession.swift */; };
		527F55F72B47310E00E445A9 /* FBError.swift in Sources */ = {isa = PBXBuildFile; fileRef = 527F55F62B47310E00E445A9 /* FBError.swift */; };
		527F55FA2B4731BA00E445A9 /* FruitsAndBerrieRepository.swift in Sources */ = {isa = PBXBuildFile; fileRef = 527F55F92B4731BA00E445A9 /* FruitsAndBerrieRepository.swift */; };
/* End PBXBuildFile section */

/* Begin PBXFileReference section */
		5249010F2B45A52600612A16 /* FruitsAndBerries.app */ = {isa = PBXFileReference; explicitFileType = wrapper.application; includeInIndex = 0; path = FruitsAndBerries.app; sourceTree = BUILT_PRODUCTS_DIR; };
		524901122B45A52600612A16 /* AppDelegate.swift */ = {isa = PBXFileReference; lastKnownFileType = sourcecode.swift; path = AppDelegate.swift; sourceTree = "<group>"; };
		524901142B45A52600612A16 /* SceneDelegate.swift */ = {isa = PBXFileReference; lastKnownFileType = sourcecode.swift; path = SceneDelegate.swift; sourceTree = "<group>"; };
		524901192B45A52600612A16 /* Base */ = {isa = PBXFileReference; lastKnownFileType = file.storyboard; name = Base; path = Base.lproj/Main.storyboard; sourceTree = "<group>"; };
		5249011B2B45A52700612A16 /* Assets.xcassets */ = {isa = PBXFileReference; lastKnownFileType = folder.assetcatalog; path = Assets.xcassets; sourceTree = "<group>"; };
		5249011E2B45A52700612A16 /* Base */ = {isa = PBXFileReference; lastKnownFileType = file.storyboard; name = Base; path = Base.lproj/LaunchScreen.storyboard; sourceTree = "<group>"; };
		524901202B45A52700612A16 /* Info.plist */ = {isa = PBXFileReference; lastKnownFileType = text.plist.xml; path = Info.plist; sourceTree = "<group>"; };
		524901262B45A66F00612A16 /* FruitsAndBerriesRouter.swift */ = {isa = PBXFileReference; lastKnownFileType = sourcecode.swift; path = FruitsAndBerriesRouter.swift; sourceTree = "<group>"; };
		524901282B45A6AE00612A16 /* FruitsAndBerriesModels.swift */ = {isa = PBXFileReference; lastKnownFileType = sourcecode.swift; path = FruitsAndBerriesModels.swift; sourceTree = "<group>"; };
		5249012A2B45A75D00612A16 /* FruitsAndBerriesViewController.swift */ = {isa = PBXFileReference; lastKnownFileType = sourcecode.swift; path = FruitsAndBerriesViewController.swift; sourceTree = "<group>"; };
		5249012C2B45A79000612A16 /* FruitsAndBerriesDetailsViewController.swift */ = {isa = PBXFileReference; lastKnownFileType = sourcecode.swift; path = FruitsAndBerriesDetailsViewController.swift; sourceTree = "<group>"; };
		5249012E2B45A7B100612A16 /* FruitsAndBerriesPresenter.swift */ = {isa = PBXFileReference; lastKnownFileType = sourcecode.swift; path = FruitsAndBerriesPresenter.swift; sourceTree = "<group>"; };
		524901302B45A7DE00612A16 /* FruitsAndBerriesInteractor.swift */ = {isa = PBXFileReference; lastKnownFileType = sourcecode.swift; path = FruitsAndBerriesInteractor.swift; sourceTree = "<group>"; };
		526DEA302B4B660900763DDE /* FruitsAndBerriesDetailsPresenter.swift */ = {isa = PBXFileReference; lastKnownFileType = sourcecode.swift; path = FruitsAndBerriesDetailsPresenter.swift; sourceTree = "<group>"; };
		526DEA322B4BE9E300763DDE /* AlertUtils.swift */ = {isa = PBXFileReference; lastKnownFileType = sourcecode.swift; path = AlertUtils.swift; sourceTree = "<group>"; };
		527F55E42B45DE8300E445A9 /* FruitsAndBerriesItemCell.swift */ = {isa = PBXFileReference; lastKnownFileType = sourcecode.swift; path = FruitsAndBerriesItemCell.swift; sourceTree = "<group>"; };
		527F55E62B45F1AE00E445A9 /* ColorExtension.swift */ = {isa = PBXFileReference; lastKnownFileType = sourcecode.swift; path = ColorExtension.swift; sourceTree = "<group>"; };
		527F55EC2B46D6D100E445A9 /* LoaderUtils.swift */ = {isa = PBXFileReference; lastKnownFileType = sourcecode.swift; path = LoaderUtils.swift; sourceTree = "<group>"; };
		527F55F02B4726BB00E445A9 /* Endpoints.swift */ = {isa = PBXFileReference; lastKnownFileType = sourcecode.swift; path = Endpoints.swift; sourceTree = "<group>"; };
		527F55F22B47304000E445A9 /* HTTPClient.swift */ = {isa = PBXFileReference; lastKnownFileType = sourcecode.swift; path = HTTPClient.swift; sourceTree = "<group>"; };
		527F55F42B4730A000E445A9 /* HTTP+URLSession.swift */ = {isa = PBXFileReference; lastKnownFileType = sourcecode.swift; path = "HTTP+URLSession.swift"; sourceTree = "<group>"; };
		527F55F62B47310E00E445A9 /* FBError.swift */ = {isa = PBXFileReference; lastKnownFileType = sourcecode.swift; path = FBError.swift; sourceTree = "<group>"; };
		527F55F92B4731BA00E445A9 /* FruitsAndBerrieRepository.swift */ = {isa = PBXFileReference; lastKnownFileType = sourcecode.swift; path = FruitsAndBerrieRepository.swift; sourceTree = "<group>"; };
/* End PBXFileReference section */

/* Begin PBXFrameworksBuildPhase section */
		5249010C2B45A52600612A16 /* Frameworks */ = {
			isa = PBXFrameworksBuildPhase;
			buildActionMask = 2147483647;
			files = (
				526DEA3A2B4C80C400763DDE /* SDWebImageMapKit in Frameworks */,
				526DEA382B4C80C400763DDE /* SDWebImage in Frameworks */,
			);
			runOnlyForDeploymentPostprocessing = 0;
		};
/* End PBXFrameworksBuildPhase section */

/* Begin PBXGroup section */
		524901062B45A52600612A16 = {
			isa = PBXGroup;
			children = (
				524901112B45A52600612A16 /* FruitsAndBerries */,
				524901102B45A52600612A16 /* Products */,
			);
			sourceTree = "<group>";
		};
		524901102B45A52600612A16 /* Products */ = {
			isa = PBXGroup;
			children = (
				5249010F2B45A52600612A16 /* FruitsAndBerries.app */,
			);
			name = Products;
			sourceTree = "<group>";
		};
		524901112B45A52600612A16 /* FruitsAndBerries */ = {
			isa = PBXGroup;
			children = (
				527F55F82B47317500E445A9 /* Repositories */,
				527F55EF2B4726A500E445A9 /* API */,
				527F55EE2B47265D00E445A9 /* Networking */,
				527F55E92B46B82D00E445A9 /* Main */,
				527F55EA2B46B84300E445A9 /* Detail */,
				527F55E82B46B7EC00E445A9 /* Extensions */,
				527F55EB2B46D6C400E445A9 /* Utils */,
				524901122B45A52600612A16 /* AppDelegate.swift */,
				524901142B45A52600612A16 /* SceneDelegate.swift */,
				5249011B2B45A52700612A16 /* Assets.xcassets */,
				5249011D2B45A52700612A16 /* LaunchScreen.storyboard */,
				524901202B45A52700612A16 /* Info.plist */,
			);
			path = FruitsAndBerries;
			sourceTree = "<group>";
		};
		527F55E82B46B7EC00E445A9 /* Extensions */ = {
			isa = PBXGroup;
			children = (
				527F55E62B45F1AE00E445A9 /* ColorExtension.swift */,
			);
			path = Extensions;
			sourceTree = "<group>";
		};
		527F55E92B46B82D00E445A9 /* Main */ = {
			isa = PBXGroup;
			children = (
				524901182B45A52600612A16 /* Main.storyboard */,
				524901282B45A6AE00612A16 /* FruitsAndBerriesModels.swift */,
				524901302B45A7DE00612A16 /* FruitsAndBerriesInteractor.swift */,
				524901262B45A66F00612A16 /* FruitsAndBerriesRouter.swift */,
				5249012E2B45A7B100612A16 /* FruitsAndBerriesPresenter.swift */,
				526DEA302B4B660900763DDE /* FruitsAndBerriesDetailsPresenter.swift */,
				527F55E42B45DE8300E445A9 /* FruitsAndBerriesItemCell.swift */,
				5249012A2B45A75D00612A16 /* FruitsAndBerriesViewController.swift */,
			);
			path = Main;
			sourceTree = "<group>";
		};
		527F55EA2B46B84300E445A9 /* Detail */ = {
			isa = PBXGroup;
			children = (
				5249012C2B45A79000612A16 /* FruitsAndBerriesDetailsViewController.swift */,
			);
			path = Detail;
			sourceTree = "<group>";
		};
		527F55EB2B46D6C400E445A9 /* Utils */ = {
			isa = PBXGroup;
			children = (
				527F55EC2B46D6D100E445A9 /* LoaderUtils.swift */,
				526DEA322B4BE9E300763DDE /* AlertUtils.swift */,
			);
			path = Utils;
			sourceTree = "<group>";
		};
		527F55EE2B47265D00E445A9 /* Networking */ = {
			isa = PBXGroup;
			children = (
				527F55F22B47304000E445A9 /* HTTPClient.swift */,
				527F55F42B4730A000E445A9 /* HTTP+URLSession.swift */,
			);
			path = Networking;
			sourceTree = "<group>";
		};
		527F55EF2B4726A500E445A9 /* API */ = {
			isa = PBXGroup;
			children = (
				527F55F02B4726BB00E445A9 /* Endpoints.swift */,
				527F55F62B47310E00E445A9 /* FBError.swift */,
			);
			path = API;
			sourceTree = "<group>";
		};
		527F55F82B47317500E445A9 /* Repositories */ = {
			isa = PBXGroup;
			children = (
				527F55F92B4731BA00E445A9 /* FruitsAndBerrieRepository.swift */,
			);
			path = Repositories;
			sourceTree = "<group>";
		};
/* End PBXGroup section */

/* Begin PBXNativeTarget section */
		5249010E2B45A52600612A16 /* FruitsAndBerries */ = {
			isa = PBXNativeTarget;
			buildConfigurationList = 524901232B45A52700612A16 /* Build configuration list for PBXNativeTarget "FruitsAndBerries" */;
			buildPhases = (
				5249010B2B45A52600612A16 /* Sources */,
				5249010C2B45A52600612A16 /* Frameworks */,
				5249010D2B45A52600612A16 /* Resources */,
			);
			buildRules = (
			);
			dependencies = (
			);
			name = FruitsAndBerries;
			packageProductDependencies = (
				526DEA372B4C80C400763DDE /* SDWebImage */,
				526DEA392B4C80C400763DDE /* SDWebImageMapKit */,
			);
			productName = FruitsAndBerries;
			productReference = 5249010F2B45A52600612A16 /* FruitsAndBerries.app */;
			productType = "com.apple.product-type.application";
		};
/* End PBXNativeTarget section */

/* Begin PBXProject section */
		524901072B45A52600612A16 /* Project object */ = {
			isa = PBXProject;
			attributes = {
				BuildIndependentTargetsInParallel = 1;
				LastSwiftUpdateCheck = 1500;
				LastUpgradeCheck = 1500;
				TargetAttributes = {
					5249010E2B45A52600612A16 = {
						CreatedOnToolsVersion = 15.0;
					};
				};
			};
			buildConfigurationList = 5249010A2B45A52600612A16 /* Build configuration list for PBXProject "FruitsAndBerries" */;
			compatibilityVersion = "Xcode 14.0";
			developmentRegion = en;
			hasScannedForEncodings = 0;
			knownRegions = (
				en,
				Base,
			);
			mainGroup = 524901062B45A52600612A16;
			packageReferences = (
				526DEA362B4C80C400763DDE /* XCRemoteSwiftPackageReference "SDWebImage" */,
			);
			productRefGroup = 524901102B45A52600612A16 /* Products */;
			projectDirPath = "";
			projectRoot = "";
			targets = (
				5249010E2B45A52600612A16 /* FruitsAndBerries */,
			);
		};
/* End PBXProject section */

/* Begin PBXResourcesBuildPhase section */
		5249010D2B45A52600612A16 /* Resources */ = {
			isa = PBXResourcesBuildPhase;
			buildActionMask = 2147483647;
			files = (
				5249011F2B45A52700612A16 /* LaunchScreen.storyboard in Resources */,
				5249011C2B45A52700612A16 /* Assets.xcassets in Resources */,
				5249011A2B45A52600612A16 /* Main.storyboard in Resources */,
			);
			runOnlyForDeploymentPostprocessing = 0;
		};
/* End PBXResourcesBuildPhase section */

/* Begin PBXSourcesBuildPhase section */
		5249010B2B45A52600612A16 /* Sources */ = {
			isa = PBXSourcesBuildPhase;
			buildActionMask = 2147483647;
			files = (
				524901312B45A7DE00612A16 /* FruitsAndBerriesInteractor.swift in Sources */,
				524901272B45A66F00612A16 /* FruitsAndBerriesRouter.swift in Sources */,
				527F55F32B47304000E445A9 /* HTTPClient.swift in Sources */,
				527F55FA2B4731BA00E445A9 /* FruitsAndBerrieRepository.swift in Sources */,
				524901292B45A6AE00612A16 /* FruitsAndBerriesModels.swift in Sources */,
				5249012B2B45A75D00612A16 /* FruitsAndBerriesViewController.swift in Sources */,
				524901132B45A52600612A16 /* AppDelegate.swift in Sources */,
				527F55ED2B46D6D100E445A9 /* LoaderUtils.swift in Sources */,
				527F55E52B45DE8300E445A9 /* FruitsAndBerriesItemCell.swift in Sources */,
				527F55F52B4730A000E445A9 /* HTTP+URLSession.swift in Sources */,
				5249012D2B45A79000612A16 /* FruitsAndBerriesDetailsViewController.swift in Sources */,
				526DEA312B4B660900763DDE /* FruitsAndBerriesDetailsPresenter.swift in Sources */,
				5249012F2B45A7B100612A16 /* FruitsAndBerriesPresenter.swift in Sources */,
				524901152B45A52600612A16 /* SceneDelegate.swift in Sources */,
				526DEA332B4BE9E300763DDE /* AlertUtils.swift in Sources */,
				527F55F12B4726BB00E445A9 /* Endpoints.swift in Sources */,
				527F55E72B45F1AE00E445A9 /* ColorExtension.swift in Sources */,
				527F55F72B47310E00E445A9 /* FBError.swift in Sources */,
			);
			runOnlyForDeploymentPostprocessing = 0;
		};
/* End PBXSourcesBuildPhase section */

/* Begin PBXVariantGroup section */
		524901182B45A52600612A16 /* Main.storyboard */ = {
			isa = PBXVariantGroup;
			children = (
				524901192B45A52600612A16 /* Base */,
			);
			name = Main.storyboard;
			sourceTree = "<group>";
		};
		5249011D2B45A52700612A16 /* LaunchScreen.storyboard */ = {
			isa = PBXVariantGroup;
			children = (
				5249011E2B45A52700612A16 /* Base */,
			);
			name = LaunchScreen.storyboard;
			sourceTree = "<group>";
		};
/* End PBXVariantGroup section */

/* Begin XCBuildConfiguration section */
		524901212B45A52700612A16 /* Debug */ = {
			isa = XCBuildConfiguration;
			buildSettings = {
				ALWAYS_SEARCH_USER_PATHS = NO;
				ASSETCATALOG_COMPILER_GENERATE_SWIFT_ASSET_SYMBOL_EXTENSIONS = YES;
				CLANG_ANALYZER_NONNULL = YES;
				CLANG_ANALYZER_NUMBER_OBJECT_CONVERSION = YES_AGGRESSIVE;
				CLANG_CXX_LANGUAGE_STANDARD = "gnu++20";
				CLANG_ENABLE_MODULES = YES;
				CLANG_ENABLE_OBJC_ARC = YES;
				CLANG_ENABLE_OBJC_WEAK = YES;
				CLANG_WARN_BLOCK_CAPTURE_AUTORELEASING = YES;
				CLANG_WARN_BOOL_CONVERSION = YES;
				CLANG_WARN_COMMA = YES;
				CLANG_WARN_CONSTANT_CONVERSION = YES;
				CLANG_WARN_DEPRECATED_OBJC_IMPLEMENTATIONS = YES;
				CLANG_WARN_DIRECT_OBJC_ISA_USAGE = YES_ERROR;
				CLANG_WARN_DOCUMENTATION_COMMENTS = YES;
				CLANG_WARN_EMPTY_BODY = YES;
				CLANG_WARN_ENUM_CONVERSION = YES;
				CLANG_WARN_INFINITE_RECURSION = YES;
				CLANG_WARN_INT_CONVERSION = YES;
				CLANG_WARN_NON_LITERAL_NULL_CONVERSION = YES;
				CLANG_WARN_OBJC_IMPLICIT_RETAIN_SELF = YES;
				CLANG_WARN_OBJC_LITERAL_CONVERSION = YES;
				CLANG_WARN_OBJC_ROOT_CLASS = YES_ERROR;
				CLANG_WARN_QUOTED_INCLUDE_IN_FRAMEWORK_HEADER = YES;
				CLANG_WARN_RANGE_LOOP_ANALYSIS = YES;
				CLANG_WARN_STRICT_PROTOTYPES = YES;
				CLANG_WARN_SUSPICIOUS_MOVE = YES;
				CLANG_WARN_UNGUARDED_AVAILABILITY = YES_AGGRESSIVE;
				CLANG_WARN_UNREACHABLE_CODE = YES;
				CLANG_WARN__DUPLICATE_METHOD_MATCH = YES;
				COPY_PHASE_STRIP = NO;
				DEBUG_INFORMATION_FORMAT = dwarf;
				ENABLE_STRICT_OBJC_MSGSEND = YES;
				ENABLE_TESTABILITY = YES;
				ENABLE_USER_SCRIPT_SANDBOXING = NO;
				GCC_C_LANGUAGE_STANDARD = gnu17;
				GCC_DYNAMIC_NO_PIC = NO;
				GCC_NO_COMMON_BLOCKS = YES;
				GCC_OPTIMIZATION_LEVEL = 0;
				GCC_PREPROCESSOR_DEFINITIONS = (
					"DEBUG=1",
					"$(inherited)",
				);
				GCC_WARN_64_TO_32_BIT_CONVERSION = YES;
				GCC_WARN_ABOUT_RETURN_TYPE = YES_ERROR;
				GCC_WARN_UNDECLARED_SELECTOR = YES;
				GCC_WARN_UNINITIALIZED_AUTOS = YES_AGGRESSIVE;
				GCC_WARN_UNUSED_FUNCTION = YES;
				GCC_WARN_UNUSED_VARIABLE = YES;
				IPHONEOS_DEPLOYMENT_TARGET = 17.0;
				LOCALIZATION_PREFERS_STRING_CATALOGS = YES;
				MTL_ENABLE_DEBUG_INFO = INCLUDE_SOURCE;
				MTL_FAST_MATH = YES;
				ONLY_ACTIVE_ARCH = YES;
				SDKROOT = iphoneos;
				SWIFT_ACTIVE_COMPILATION_CONDITIONS = "DEBUG $(inherited)";
				SWIFT_OPTIMIZATION_LEVEL = "-Onone";
			};
			name = Debug;
		};
		524901222B45A52700612A16 /* Release */ = {
			isa = XCBuildConfiguration;
			buildSettings = {
				ALWAYS_SEARCH_USER_PATHS = NO;
				ASSETCATALOG_COMPILER_GENERATE_SWIFT_ASSET_SYMBOL_EXTENSIONS = YES;
				CLANG_ANALYZER_NONNULL = YES;
				CLANG_ANALYZER_NUMBER_OBJECT_CONVERSION = YES_AGGRESSIVE;
				CLANG_CXX_LANGUAGE_STANDARD = "gnu++20";
				CLANG_ENABLE_MODULES = YES;
				CLANG_ENABLE_OBJC_ARC = YES;
				CLANG_ENABLE_OBJC_WEAK = YES;
				CLANG_WARN_BLOCK_CAPTURE_AUTORELEASING = YES;
				CLANG_WARN_BOOL_CONVERSION = YES;
				CLANG_WARN_COMMA = YES;
				CLANG_WARN_CONSTANT_CONVERSION = YES;
				CLANG_WARN_DEPRECATED_OBJC_IMPLEMENTATIONS = YES;
				CLANG_WARN_DIRECT_OBJC_ISA_USAGE = YES_ERROR;
				CLANG_WARN_DOCUMENTATION_COMMENTS = YES;
				CLANG_WARN_EMPTY_BODY = YES;
				CLANG_WARN_ENUM_CONVERSION = YES;
				CLANG_WARN_INFINITE_RECURSION = YES;
				CLANG_WARN_INT_CONVERSION = YES;
				CLANG_WARN_NON_LITERAL_NULL_CONVERSION = YES;
				CLANG_WARN_OBJC_IMPLICIT_RETAIN_SELF = YES;
				CLANG_WARN_OBJC_LITERAL_CONVERSION = YES;
				CLANG_WARN_OBJC_ROOT_CLASS = YES_ERROR;
				CLANG_WARN_QUOTED_INCLUDE_IN_FRAMEWORK_HEADER = YES;
				CLANG_WARN_RANGE_LOOP_ANALYSIS = YES;
				CLANG_WARN_STRICT_PROTOTYPES = YES;
				CLANG_WARN_SUSPICIOUS_MOVE = YES;
				CLANG_WARN_UNGUARDED_AVAILABILITY = YES_AGGRESSIVE;
				CLANG_WARN_UNREACHABLE_CODE = YES;
				CLANG_WARN__DUPLICATE_METHOD_MATCH = YES;
				COPY_PHASE_STRIP = NO;
				DEBUG_INFORMATION_FORMAT = "dwarf-with-dsym";
				ENABLE_NS_ASSERTIONS = NO;
				ENABLE_STRICT_OBJC_MSGSEND = YES;
				ENABLE_USER_SCRIPT_SANDBOXING = NO;
				GCC_C_LANGUAGE_STANDARD = gnu17;
				GCC_NO_COMMON_BLOCKS = YES;
				GCC_WARN_64_TO_32_BIT_CONVERSION = YES;
				GCC_WARN_ABOUT_RETURN_TYPE = YES_ERROR;
				GCC_WARN_UNDECLARED_SELECTOR = YES;
				GCC_WARN_UNINITIALIZED_AUTOS = YES_AGGRESSIVE;
				GCC_WARN_UNUSED_FUNCTION = YES;
				GCC_WARN_UNUSED_VARIABLE = YES;
				IPHONEOS_DEPLOYMENT_TARGET = 17.0;
				LOCALIZATION_PREFERS_STRING_CATALOGS = YES;
				MTL_ENABLE_DEBUG_INFO = NO;
				MTL_FAST_MATH = YES;
				SDKROOT = iphoneos;
				SWIFT_COMPILATION_MODE = wholemodule;
				VALIDATE_PRODUCT = YES;
			};
			name = Release;
		};
		524901242B45A52700612A16 /* Debug */ = {
			isa = XCBuildConfiguration;
			buildSettings = {
				ASSETCATALOG_COMPILER_APPICON_NAME = AppIcon;
				ASSETCATALOG_COMPILER_GLOBAL_ACCENT_COLOR_NAME = AccentColor;
				CODE_SIGN_STYLE = Automatic;
				CURRENT_PROJECT_VERSION = 1;
				DEVELOPMENT_TEAM = D38R8B56PJ;
				GENERATE_INFOPLIST_FILE = YES;
				INFOPLIST_FILE = FruitsAndBerries/Info.plist;
				INFOPLIST_KEY_UIApplicationSupportsIndirectInputEvents = YES;
				INFOPLIST_KEY_UILaunchStoryboardName = LaunchScreen;
				INFOPLIST_KEY_UIMainStoryboardFile = Main;
				INFOPLIST_KEY_UISupportedInterfaceOrientations_iPad = "UIInterfaceOrientationPortrait UIInterfaceOrientationPortraitUpsideDown UIInterfaceOrientationLandscapeLeft UIInterfaceOrientationLandscapeRight";
				INFOPLIST_KEY_UISupportedInterfaceOrientations_iPhone = "UIInterfaceOrientationPortrait UIInterfaceOrientationLandscapeLeft UIInterfaceOrientationLandscapeRight";
				LD_RUNPATH_SEARCH_PATHS = (
					"$(inherited)",
					"@executable_path/Frameworks",
				);
				MARKETING_VERSION = 1.0;
				PRODUCT_BUNDLE_IDENTIFIER = com.ihor.FruitsAndBerries;
				PRODUCT_NAME = "$(TARGET_NAME)";
				SWIFT_EMIT_LOC_STRINGS = YES;
				SWIFT_VERSION = 5.0;
				TARGETED_DEVICE_FAMILY = "1,2";
			};
			name = Debug;
		};
		524901252B45A52700612A16 /* Release */ = {
			isa = XCBuildConfiguration;
			buildSettings = {
				ASSETCATALOG_COMPILER_APPICON_NAME = AppIcon;
				ASSETCATALOG_COMPILER_GLOBAL_ACCENT_COLOR_NAME = AccentColor;
				CODE_SIGN_STYLE = Automatic;
				CURRENT_PROJECT_VERSION = 1;
				DEVELOPMENT_TEAM = D38R8B56PJ;
				GENERATE_INFOPLIST_FILE = YES;
				INFOPLIST_FILE = FruitsAndBerries/Info.plist;
				INFOPLIST_KEY_UIApplicationSupportsIndirectInputEvents = YES;
				INFOPLIST_KEY_UILaunchStoryboardName = LaunchScreen;
				INFOPLIST_KEY_UIMainStoryboardFile = Main;
				INFOPLIST_KEY_UISupportedInterfaceOrientations_iPad = "UIInterfaceOrientationPortrait UIInterfaceOrientationPortraitUpsideDown UIInterfaceOrientationLandscapeLeft UIInterfaceOrientationLandscapeRight";
				INFOPLIST_KEY_UISupportedInterfaceOrientations_iPhone = "UIInterfaceOrientationPortrait UIInterfaceOrientationLandscapeLeft UIInterfaceOrientationLandscapeRight";
				LD_RUNPATH_SEARCH_PATHS = (
					"$(inherited)",
					"@executable_path/Frameworks",
				);
				MARKETING_VERSION = 1.0;
				PRODUCT_BUNDLE_IDENTIFIER = com.ihor.FruitsAndBerries;
				PRODUCT_NAME = "$(TARGET_NAME)";
				SWIFT_EMIT_LOC_STRINGS = YES;
				SWIFT_VERSION = 5.0;
				TARGETED_DEVICE_FAMILY = "1,2";
			};
			name = Release;
		};
/* End XCBuildConfiguration section */

/* Begin XCConfigurationList section */
		5249010A2B45A52600612A16 /* Build configuration list for PBXProject "FruitsAndBerries" */ = {
			isa = XCConfigurationList;
			buildConfigurations = (
				524901212B45A52700612A16 /* Debug */,
				524901222B45A52700612A16 /* Release */,
			);
			defaultConfigurationIsVisible = 0;
			defaultConfigurationName = Release;
		};
		524901232B45A52700612A16 /* Build configuration list for PBXNativeTarget "FruitsAndBerries" */ = {
			isa = XCConfigurationList;
			buildConfigurations = (
				524901242B45A52700612A16 /* Debug */,
				524901252B45A52700612A16 /* Release */,
			);
			defaultConfigurationIsVisible = 0;
			defaultConfigurationName = Release;
		};
/* End XCConfigurationList section */

/* Begin XCRemoteSwiftPackageReference section */
		526DEA362B4C80C400763DDE /* XCRemoteSwiftPackageReference "SDWebImage" */ = {
			isa = XCRemoteSwiftPackageReference;
			repositoryURL = "https://github.com/SDWebImage/SDWebImage";
			requirement = {
				kind = upToNextMajorVersion;
				minimumVersion = 5.18.8;
			};
		};
/* End XCRemoteSwiftPackageReference section */

/* Begin XCSwiftPackageProductDependency section */
		526DEA372B4C80C400763DDE /* SDWebImage */ = {
			isa = XCSwiftPackageProductDependency;
			package = 526DEA362B4C80C400763DDE /* XCRemoteSwiftPackageReference "SDWebImage" */;
			productName = SDWebImage;
		};
		526DEA392B4C80C400763DDE /* SDWebImageMapKit */ = {
			isa = XCSwiftPackageProductDependency;
			package = 526DEA362B4C80C400763DDE /* XCRemoteSwiftPackageReference "SDWebImage" */;
			productName = SDWebImageMapKit;
		};
/* End XCSwiftPackageProductDependency section */
	};
	rootObject = 524901072B45A52600612A16 /* Project object */;
}
